
Microsoft Visual Studio Solution File, Format Version 12.00
# Visual Studio 15
VisualStudioVersion = 15.0.28307.271
MinimumVisualStudioVersion = 10.0.40219.1
Project("{FAE04EC0-301F-11D3-BF4B-00C04F79EFBC}") = "OdeToFood", "OdeToFood\OdeToFood.csproj", "{E21B59F7-ABA9-4CD6-9C53-DEB9F6F137CE}"
EndProject
Project("{FAE04EC0-301F-11D3-BF4B-00C04F79EFBC}") = "OdeToFood.Core", "OdeToFood.Core\OdeToFood.Core.csproj", "{814F1200-9AB3-4E3C-AE65-1B5875818629}"
EndProject
Project("{FAE04EC0-301F-11D3-BF4B-00C04F79EFBC}") = "OdeToFood.Data", "OdeToFood.Data\OdeToFood.Data.csproj", "{28B2D83E-DCE5-4C72-B1D7-0375E58C7542}"
EndProject
Global
	GlobalSection(SolutionConfigurationPlatforms) = preSolution
		Debug|Any CPU = Debug|Any CPU
		Release|Any CPU = Release|Any CPU
	EndGlobalSection
	GlobalSection(ProjectConfigurationPlatforms) = postSolution
		{E21B59F7-ABA9-4CD6-9C53-DEB9F6F137CE}.Debug|Any CPU.ActiveCfg = Debug|Any CPU
		{E21B59F7-ABA9-4CD6-9C53-DEB9F6F137CE}.Debug|Any CPU.Build.0 = Debug|Any CPU
		{E21B59F7-ABA9-4CD6-9C53-DEB9F6F137CE}.Release|Any CPU.ActiveCfg = Release|Any CPU
		{E21B59F7-ABA9-4CD6-9C53-DEB9F6F137CE}.Release|Any CPU.Build.0 = Release|Any CPU
		{814F1200-9AB3-4E3C-AE65-1B5875818629}.Debug|Any CPU.ActiveCfg = Debug|Any CPU
		{814F1200-9AB3-4E3C-AE65-1B5875818629}.Debug|Any CPU.Build.0 = Debug|Any CPU
		{814F1200-9AB3-4E3C-AE65-1B5875818629}.Release|Any CPU.ActiveCfg = Release|Any CPU
		{814F1200-9AB3-4E3C-AE65-1B5875818629}.Release|Any CPU.Build.0 = Release|Any CPU
		{28B2D83E-DCE5-4C72-B1D7-0375E58C7542}.Debug|Any CPU.ActiveCfg = Debug|Any CPU
		{28B2D83E-DCE5-4C72-B1D7-0375E58C7542}.Debug|Any CPU.Build.0 = Debug|Any CPU
		{28B2D83E-DCE5-4C72-B1D7-0375E58C7542}.Release|Any CPU.ActiveCfg = Release|Any CPU
		{28B2D83E-DCE5-4C72-B1D7-0375E58C7542}.Release|Any CPU.Build.0 = Release|Any CPU
	EndGlobalSection
	GlobalSection(SolutionProperties) = preSolution
		HideSolutionNode = FALSE
	EndGlobalSection
	GlobalSection(ExtensibilityGlobals) = postSolution
		SolutionGuid = {03368A5E-4720-48E7-904B-2ADE2891CD67}
	EndGlobalSection
EndGlobal
